
Microsoft Visual Studio Solution File, Format Version 12.00
# Visual Studio Version 16
VisualStudioVersion = 16.0.31402.337
MinimumVisualStudioVersion = 10.0.40219.1
Project("{9A19103F-16F7-4668-BE54-9A1E7A4F7556}") = "FinalPOOBD", "FinalPOOBD\FinalPOOBD.csproj", "{62A37596-F184-4A02-9486-E20C9C0A87EB}"
EndProject
Project("{54435603-DBB4-11D2-8724-00A0C9A8B90C}") = "InstaladorVacunacionUCA", "InstaladorVacunacionUCA\InstaladorVacunacionUCA.vdproj", "{9893CBB3-439C-4F1A-907C-40637CF985EC}"
EndProject
Global
	GlobalSection(SolutionConfigurationPlatforms) = preSolution
		Debug|Any CPU = Debug|Any CPU
		Release|Any CPU = Release|Any CPU
	EndGlobalSection
	GlobalSection(ProjectConfigurationPlatforms) = postSolution
		{62A37596-F184-4A02-9486-E20C9C0A87EB}.Debug|Any CPU.ActiveCfg = Debug|Any CPU
		{62A37596-F184-4A02-9486-E20C9C0A87EB}.Debug|Any CPU.Build.0 = Debug|Any CPU
		{62A37596-F184-4A02-9486-E20C9C0A87EB}.Release|Any CPU.ActiveCfg = Release|Any CPU
		{62A37596-F184-4A02-9486-E20C9C0A87EB}.Release|Any CPU.Build.0 = Release|Any CPU
		{9893CBB3-439C-4F1A-907C-40637CF985EC}.Debug|Any CPU.ActiveCfg = Debug
		{9893CBB3-439C-4F1A-907C-40637CF985EC}.Release|Any CPU.ActiveCfg = Release
	EndGlobalSection
	GlobalSection(SolutionProperties) = preSolution
		HideSolutionNode = FALSE
	EndGlobalSection
	GlobalSection(ExtensibilityGlobals) = postSolution
		SolutionGuid = {1C922D0F-D4B9-4069-9A5C-11962C8C7A35}
	EndGlobalSection
EndGlobal
